PackratFormat: 1.4
PackratVersion: 0.4.8.1
RVersion: 3.4.2
Repos: CRAN=https://cran.rstudio.com/

Package: BH
Source: CRAN
Version: 1.65.0-1
Hash: 95f62be4d6916aae14a310a8b56a6475

Package: CVST
Source: CRAN
Version: 0.2-1
Hash: 1e50c7789a11bc9523238fcf16ee8a71
Requires: Matrix, kernlab

Package: DBI
Source: CRAN
Version: 0.7
Hash: 1ab72df487f06ad5f0de05446cdd4bd6

Package: DEoptimR
Source: CRAN
Version: 1.0-8
Hash: adc74e88e85eabe6c7d73db6a86fe6cf

Package: DRR
Source: CRAN
Version: 0.0.2
Hash: cd79854854a03ad0c8979b36b414d2c0
Requires: CVST, Matrix, kernlab

Package: DT
Source: CRAN
Version: 0.2
Hash: 36b032203797956fedad5a25055016a9
Requires: htmltools, htmlwidgets, magrittr

Package: KernSmooth
Source: CRAN
Version: 2.23-15
Hash: aa5fd163456721a62d34a98fddc510bf

Package: MASS
Source: CRAN
Version: 7.3-47
Hash: cef924b1619219cfc32edbb8a340e652

Package: Matrix
Source: CRAN
Version: 1.2-12
Hash: c134ceb3a533b93c266a93fd7e1b652c
Requires: lattice

Package: ModelMetrics
Source: CRAN
Version: 1.1.0
Hash: 254890537116b1bbd3edee65bed880ba
Requires: Rcpp

Package: R6
Source: CRAN
Version: 2.2.2
Hash: b2366cd9d2f3851a5704b4e192b985c2

Package: RColorBrewer
Source: CRAN
Version: 1.1-2
Hash: c0d56cd15034f395874c870141870c25

Package: Rcpp
Source: CRAN
Version: 0.12.14
Hash: f9a2a481350397e53b0768bf488329cd

Package: RcppRoll
Source: CRAN
Version: 0.2.2
Hash: 603d66220a167cb05882e2445e1257e3
Requires: Rcpp

Package: SnowballC
Source: CRAN
Version: 0.5.1
Hash: 6f14c834eea7672f25b83d9ba35b85ca

Package: XML
Source: CRAN
Version: 3.98-1.9
Hash: 02079c4025bbfa0f63400cc0bb414952

Package: animation
Source: CRAN
Version: 2.5
Hash: 2db95e150a4835a0c203686c934b0369

Package: assertthat
Source: CRAN
Version: 0.2.0
Hash: e8805df54c65ac96d50235c44a82615c

Package: backports
Source: CRAN
Version: 1.1.1

Package: base64enc
Source: CRAN
Version: 0.1-3
Hash: c590d29e555926af053055e23ee79efb

Package: bindr
Source: CRAN
Version: 0.1
Hash: e3a02070cf705d3ad1c5af1635a515a3

Package: bindrcpp
Source: CRAN
Version: 0.2
Hash: 7f7dcd1dc351f84798fd3dc4eb8a0e78
Requires: Rcpp, bindr, plogr

Package: brocks
Source: github
Version: 0.5.4
Hash: f41f09bcdd3785d221f8b1656507c349
Requires: DBI, assertthat, ggplot2, googlesheets, htmltools, lubridate,
    magrittr, openssl, png, scales, servr, stringr
GithubRepo: brocks
GithubUsername: brendan-R
GithubRef: master
GithubSha1: 799595170fd6232022ebd173dbf400e6b9e37e3c

Package: broom
Source: CRAN
Version: 0.4.3
Hash: e796a434d80c7358cb3eb5acb142fb45
Requires: dplyr, nlme, plyr, psych, reshape2, stringr, tidyr

Package: caret
Source: CRAN
Version: 6.0-77
Hash: f5b47c8d7244b7e157f75641b212392f
Requires: ModelMetrics, foreach, ggplot2, lattice, nlme, plyr, recipes,
    reshape2, withr

Package: cellranger
Source: CRAN
Version: 1.1.0
Hash: 4e1ef4d099b0c5fd531a3938cf4624bd
Requires: rematch, tibble

Package: class
Source: CRAN
Version: 7.3-14
Hash: 98330808284e70f0bce1f8ff419d4032
Requires: MASS

Package: codetools
Source: CRAN
Version: 0.2-15
Hash: a4268e48f71dc70ac2203aced7cdd8ea

Package: colorspace
Source: CRAN
Version: 1.3-2
Hash: 0bf8618b585fa98eb23414cd3ab95118

Package: crosstalk
Source: CRAN
Version: 1.0.0
Hash: c13adea5906fbe2becfcb5f843b26749
Requires: R6, ggplot2, htmltools, jsonlite, lazyeval, shiny

Package: curl
Source: CRAN
Version: 3.0
Hash: fb0029f1c84bf9b510c4f55cda7103f1

Package: data.table
Source: CRAN
Version: 1.10.4-3
Hash: 3c270a59ca3298aba8df3c1ae3bbea19

Package: ddalpha
Source: CRAN
Version: 1.3.1
Hash: 790458d32db519138ec83a83eed5826a
Requires: BH, MASS, Rcpp, class, robustbase, sfsmisc

Package: dichromat
Source: CRAN
Version: 2.0-0
Hash: 08eed0c80510af29bb15f840ccfe37ce

Package: digest
Source: CRAN
Version: 0.6.12
Hash: e53fb8c58673df868183697e39a6a4d6

Package: dimRed
Source: CRAN
Version: 0.1.0
Hash: 648bd80f3187f8e807f996e3e0866c7c
Requires: DRR

Package: dplyr
Source: CRAN
Version: 0.7.4
Hash: e1c300a22e22086568531c9d0c93bafc
Requires: BH, R6, Rcpp, assertthat, bindrcpp, glue, magrittr,
    pkgconfig, plogr, rlang, tibble

Package: evaluate
Source: CRAN
Version: 0.10.1
Hash: 54d95f4ec6d0300100413ed0127d89ae
Requires: stringr

Package: foreach
Source: CRAN
Version: 1.4.3
Hash: cd53ef4cf29dc59ce3f8c5c1af735fd1
Requires: codetools, iterators

Package: foreign
Source: CRAN
Version: 0.8-69
Hash: 6cb09ceba757189aff90eb9bb72c8983

Package: gganimate
Source: github
Version: 0.1.0.9000
Hash: 3958891c87a2dc00eebd1a5177080be8
Requires: animation, base64enc, ggplot2, htmltools, plyr, withr
GithubRepo: gganimate
GithubUsername: dgrtwo
GithubRef: master
GithubSha1: bf82002063a7d7e83085722102d80d5643a1e0c5

Package: ggplot2
Source: CRAN
Version: 2.2.1
Hash: 46e5cb78836848aa44655e577433f54b
Requires: MASS, digest, gtable, lazyeval, plyr, reshape2, scales,
    tibble

Package: ggthemes
Source: CRAN
Version: 3.4.0
Hash: e9f85417507c5352fc05de654bb6f1ab
Requires: assertthat, colorspace, ggplot2, scales

Package: glue
Source: CRAN
Version: 1.2.0
Hash: 381e42baedecc633c0e547a0c7ca9de7

Package: googlesheets
Source: CRAN
Version: 0.2.2
Hash: b317d6b5f8bdf48f56a5789f80b883bd
Requires: cellranger, dplyr, httr, jsonlite, purrr, readr, stringr,
    tidyr, xml2

Package: gower
Source: CRAN
Version: 0.1.2
Hash: 77a20b3ef7f9a1a7ed19457b36978605

Package: gridExtra
Source: CRAN
Version: 2.3
Hash: fa977bc1aab5588a08123b10ceb1ad3d
Requires: gtable

Package: gridSVG
Source: CRAN
Version: 1.6-0
Hash: c062074da38abc5d1761db9a8f5d7031
Requires: XML, jsonlite

Package: gtable
Source: CRAN
Version: 0.2.0
Hash: cd78381a9d3fea966ac39bd0daaf5554

Package: hexbin
Source: CRAN
Version: 1.27.1
Hash: 378383b2c37556649fd6b2ee0be7e2a5
Requires: lattice

Package: highr
Source: CRAN
Version: 0.6
Hash: aa3d5b7912b5fed4b546ed5cd2a1760b

Package: hms
Source: CRAN
Version: 0.4.0
Hash: 05d6cc09cc4ea93b9459734ff885e5f9
Requires: pkgconfig, rlang

Package: htmltools
Source: CRAN
Version: 0.3.6
Hash: 10db2fe4e1ac6057e5555db165a0d870
Requires: Rcpp, digest

Package: htmlwidgets
Source: CRAN
Version: 0.9
Hash: 7514f6ea9f3bef6d9b6c945095275302
Requires: htmltools, jsonlite, yaml

Package: httpuv
Source: CRAN
Version: 1.3.5
Hash: ecd2d1c0cac94fe968398551b57d7fb2
Requires: Rcpp

Package: httr
Source: CRAN
Version: 1.3.1
Hash: 2d32e01e53d532c812052e27a1021441
Requires: R6, curl, jsonlite, mime, openssl

Package: hunspell
Source: CRAN
Version: 2.7
Hash: 96b04ec44f448d245be82d06537a985e
Requires: Rcpp, digest

Package: ipred
Source: CRAN
Version: 0.9-6
Hash: 2fd946bce1622291262c12515d27e780
Requires: MASS, class, nnet, prodlim, rpart, survival

Package: iterators
Source: CRAN
Version: 1.0.8
Hash: 488b93c2a4166db0d15f1e8d882cb1d4

Package: janeaustenr
Source: CRAN
Version: 0.1.5
Hash: fa8163788aa6d49b17bf9bf517d5771e

Package: jsonlite
Source: CRAN
Version: 1.5
Hash: 9c51936d8dd00b2f1d4fe9d10499694c

Package: kernlab
Source: CRAN
Version: 0.9-25
Hash: bf60122a2e1f073661edb69651a682c2

Package: knitr
Source: CRAN
Version: 1.17
Hash: f6b2bf543ee3e25f5b92bb46f9958c5f
Requires: digest, evaluate, highr, markdown, stringr, yaml

Package: labeling
Source: CRAN
Version: 0.3
Hash: ecf589b42cd284b03a4beb9665482d3e

Package: lattice
Source: CRAN
Version: 0.20-35
Hash: 26b9d7f0d0cb4e1d1bbb97f867c82d89

Package: lava
Source: CRAN
Version: 1.5.1
Hash: a7626c3f7e753f7401e070a144ecd315
Requires: numDeriv, survival

Package: lazyeval
Source: CRAN
Version: 0.2.1
Hash: 88926ad9c43581fd0822a37c8ed09f05

Package: lubridate
Source: CRAN
Version: 1.7.1
Hash: 1933c3cc6c3b49091ec4e287e65725fc
Requires: Rcpp, stringr

Package: magrittr
Source: CRAN
Version: 1.5
Hash: bdc4d48c3135e8f3b399536ddf160df4

Package: maps
Source: CRAN
Version: 3.2.0
Hash: 086a0f4e41bf42749d8737e9407a4853

Package: markdown
Source: CRAN
Version: 0.8
Hash: 045d7c594d503b41f1c28946d076c8aa
Requires: mime

Package: mime
Source: CRAN
Version: 0.5
Hash: 463550cf44fb6f0a2359368f42eebe62

Package: mnormt
Source: CRAN
Version: 1.5-5
Hash: d0d5efbb1fb26d2dc5f9394c223084b5

Package: munsell
Source: CRAN
Version: 0.4.3
Hash: f96d896947fcaf9b6d0074002e9f4f9d
Requires: colorspace

Package: nlme
Source: CRAN
Version: 3.1-131
Hash: 7f5580f9c481d6921298f224c391b308
Requires: lattice

Package: nnet
Source: CRAN
Version: 7.3-12
Hash: 42c83a1f063b40fd8bb6ad68ed528aa5

Package: numDeriv
Source: CRAN
Version: 2016.8-1
Hash: 3a9d0fc99ba2f6aaa500b3d584962be2

Package: openssl
Source: CRAN
Version: 0.9.9
Hash: 3858537ac10388a5db1687450908f257

Package: packrat
Source: CRAN
Version: 0.4.8-1
Hash: 6ad605ba7b4b476d84be6632393f5765

Package: pkgconfig
Source: CRAN
Version: 2.0.1
Hash: 0dda4a2654a22b36a715c2b0b6fbacac

Package: plogr
Source: CRAN
Version: 0.1-1
Hash: fb19215402e2d9f1c7f803dcaa806fc2

Package: plotROC
Source: CRAN
Version: 2.2.0
Hash: f81413db582139688bb44516108eaa32
Requires: ggplot2, gridSVG, plyr, shiny

Package: plotly
Source: CRAN
Version: 4.7.1
Hash: 18d2de809bf346363cd4ee7a587d58bf
Requires: RColorBrewer, base64enc, crosstalk, data.table, digest,
    dplyr, ggplot2, hexbin, htmltools, htmlwidgets, httr, jsonlite,
    lazyeval, magrittr, purrr, scales, tibble, tidyr, viridisLite

Package: plyr
Source: CRAN
Version: 1.8.4
Hash: 39dd3286b865c7b725d74c9a4c1b7931
Requires: Rcpp

Package: png
Source: CRAN
Version: 0.1-7
Hash: 421d7d6e0fb4bd885ecbd909b6456b8b

Package: prodlim
Source: CRAN
Version: 1.6.1
Hash: 85a64de359fd42aeccf4090713197232
Requires: KernSmooth, Rcpp, lava, survival

Package: psych
Source: CRAN
Version: 1.7.8
Hash: a9e7713423365e42e06413285a89e610
Requires: foreign, lattice, mnormt, nlme

Package: purrr
Source: CRAN
Version: 0.2.4
Hash: a80b244ccd3fdb33a0ff2be3c50dd648
Requires: magrittr, rlang, tibble

Package: readr
Source: CRAN
Version: 1.1.1
Hash: c02820ab337b91bee0238126caa714f9
Requires: BH, R6, Rcpp, hms, tibble

Package: recipes
Source: CRAN
Version: 0.1.1
Hash: 14c05a96da97c12ff93c3e18c3918d45
Requires: Matrix, RcppRoll, broom, ddalpha, dimRed, dplyr, gower,
    ipred, lubridate, magrittr, purrr, rlang, tibble, tidyselect,
    timeDate

Package: rematch
Source: CRAN
Version: 1.0.1
Hash: ad4faf59e7611117ff165817074c50c7

Package: reshape2
Source: CRAN
Version: 1.4.2
Hash: f7149fba72d8b584862025bc4c375d6e
Requires: Rcpp, plyr, stringr

Package: rlang
Source: CRAN
Version: 0.1.4
Hash: fef2abdadbb8db061b9d37e7ca5cb0b4

Package: rmarkdown
Source: CRAN
Version: 1.8
Requires: base64enc, evaluate, htmltools, jsonlite, knitr, mime,
    rprojroot, stringr, yaml

Package: robustbase
Source: CRAN
Version: 0.92-8
Hash: 47f671cf700fbaa2015bb61701e6f7f4
Requires: DEoptimR

Package: rpart
Source: CRAN
Version: 4.1-11
Hash: 3516bc1f3ef8bc532ac4194a2007ac19

Package: rpart.plot
Source: CRAN
Version: 2.1.2
Hash: 95c68003b5ea33be4dda1f6dbbe5e0cb
Requires: rpart

Package: rprojroot
Source: CRAN
Version: 1.2
Requires: backports

Package: scales
Source: CRAN
Version: 0.5.0
Hash: 77d3b989d0995d27c9b2fa7da4093f34
Requires: R6, RColorBrewer, Rcpp, dichromat, labeling, munsell, plyr,
    viridisLite

Package: servr
Source: CRAN
Version: 0.8
Hash: 1a885f0e128fb90c17729707032c01b8
Requires: httpuv, jsonlite, mime

Package: sfsmisc
Source: CRAN
Version: 1.1-1
Hash: 00af82c1c08f9a5fb278ca3469b6eaf4

Package: shiny
Source: CRAN
Version: 1.0.5
Hash: 4d47532a807122bfd6bc3818310f9d2e
Requires: R6, digest, htmltools, httpuv, jsonlite, mime, sourcetools,
    xtable

Package: sourcetools
Source: CRAN
Version: 0.1.6
Hash: 226d56d7469587da40b0f96180e711b4

Package: stringi
Source: CRAN
Version: 1.1.6
Hash: 4430faf2bcbe1b8de0d9be55bcfdcc0b

Package: stringr
Source: CRAN
Version: 1.2.0
Hash: 25a86d7f410513ebb7c0bc6a5e16bdc3
Requires: magrittr, stringi

Package: survival
Source: CRAN
Version: 2.41-3
Hash: db4930fd2dbaff5a78b71832aea4b50d
Requires: Matrix

Package: tibble
Source: CRAN
Version: 1.3.4
Hash: 2a67e8388d452614b66121fefa1e39b7
Requires: Rcpp, rlang

Package: tidyr
Source: CRAN
Version: 0.7.2
Hash: fcc26b5be4f8c300b3a02300de6131bf
Requires: Rcpp, dplyr, glue, magrittr, purrr, rlang, stringi, tibble,
    tidyselect

Package: tidyselect
Source: CRAN
Version: 0.2.3
Hash: f734832478bdc63b43457f9a0bc5a056
Requires: Rcpp, glue, purrr, rlang

Package: tidytext
Source: CRAN
Version: 0.1.5
Hash: 56256504f562d7325dcb9d306716f9ef
Requires: Matrix, broom, dplyr, hunspell, janeaustenr, purrr, rlang,
    stringr, tokenizers

Package: timeDate
Source: CRAN
Version: 3042.101
Hash: 7df1e4dffe7ba0d2fa782094f637b7b9

Package: tokenizers
Source: CRAN
Version: 0.1.4
Hash: ccd5a6d947088259a4e9c4564aca4134
Requires: Rcpp, SnowballC, stringi

Package: tuber
Source: CRAN
Version: 0.9.2
Hash: a492c921b474196ad37953b59747fb96
Requires: httr, plyr

Package: viridis
Source: CRAN
Version: 0.4.0
Hash: 5bdac1bcf74a10a7a96f82191f498ab7
Requires: ggplot2, gridExtra, viridisLite

Package: viridisLite
Source: CRAN
Version: 0.2.0
Hash: 10f0c25af3dc84eaae10f5854f47efdb

Package: withr
Source: CRAN
Version: 2.1.0
Hash: 097f730987c2dc13d421b65bf01ddf08
Requires: lattice

Package: xml2
Source: CRAN
Version: 1.1.1
Hash: 37f4615894c8b884529cbefed37f5263
Requires: BH, Rcpp

Package: xtable
Source: CRAN
Version: 1.8-2
Hash: 7293235cfcc14cdff1ce7fd1a0212031

Package: yaml
Source: CRAN
Version: 2.1.15
Hash: 6c7d8da086fb3ee65ac91a1152b82815
